// !$*UTF8*$!
{
	archiveVersion = 1;
	classes = {
	};
	objectVersion = 46;
	objects = {

/* Begin PBXBuildFile section */
		6649BF141A083C84007B447B /* main.m in Sources */ = {isa = PBXBuildFile; fileRef = 6649BF131A083C84007B447B /* main.m */; };
		6649BF171A083C84007B447B /* AppDelegate.m in Sources */ = {isa = PBXBuildFile; fileRef = 6649BF161A083C84007B447B /* AppDelegate.m */; };
		6649BF1D1A083C84007B447B /* Main.storyboard in Resources */ = {isa = PBXBuildFile; fileRef = 6649BF1B1A083C84007B447B /* Main.storyboard */; };
		6649BF1F1A083C84007B447B /* Images.xcassets in Resources */ = {isa = PBXBuildFile; fileRef = 6649BF1E1A083C84007B447B /* Images.xcassets */; };
		6649BF221A083C84007B447B /* LaunchScreen.xib in Resources */ = {isa = PBXBuildFile; fileRef = 6649BF201A083C84007B447B /* LaunchScreen.xib */; };
		6649BF2E1A083C84007B447B /* GooglePlacesAutocompleteTests.m in Sources */ = {isa = PBXBuildFile; fileRef = 6649BF2D1A083C84007B447B /* GooglePlacesAutocompleteTests.m */; };
		6649BF391A083CB3007B447B /* SearchViewController.m in Sources */ = {isa = PBXBuildFile; fileRef = 6649BF381A083CB3007B447B /* SearchViewController.m */; };
		66C6697C1A22F5A500BE9967 /* SelectedLocation.m in Sources */ = {isa = PBXBuildFile; fileRef = 66C6697B1A22F5A500BE9967 /* SelectedLocation.m */; };
/* End PBXBuildFile section */

/* Begin PBXContainerItemProxy section */
		6649BF281A083C84007B447B /* PBXContainerItemProxy */ = {
			isa = PBXContainerItemProxy;
			containerPortal = 6649BF061A083C84007B447B /* Project object */;
			proxyType = 1;
			remoteGlobalIDString = 6649BF0D1A083C84007B447B;
			remoteInfo = GooglePlacesAutocomplete;
		};
/* End PBXContainerItemProxy section */

/* Begin PBXFileReference section */
		6649BF0E1A083C84007B447B /* GooglePlacesAutocomplete.app */ = {isa = PBXFileReference; explicitFileType = wrapper.application; includeInIndex = 0; path = GooglePlacesAutocomplete.app; sourceTree = BUILT_PRODUCTS_DIR; };
		6649BF121A083C84007B447B /* Info.plist */ = {isa = PBXFileReference; lastKnownFileType = text.plist.xml; path = Info.plist; sourceTree = "<group>"; };
		6649BF131A083C84007B447B /* main.m */ = {isa = PBXFileReference; lastKnownFileType = sourcecode.c.objc; path = main.m; sourceTree = "<group>"; };
		6649BF151A083C84007B447B /* AppDelegate.h */ = {isa = PBXFileReference; lastKnownFileType = sourcecode.c.h; path = AppDelegate.h; sourceTree = "<group>"; };
		6649BF161A083C84007B447B /* AppDelegate.m */ = {isa = PBXFileReference; lastKnownFileType = sourcecode.c.objc; path = AppDelegate.m; sourceTree = "<group>"; };
		6649BF1C1A083C84007B447B /* Base */ = {isa = PBXFileReference; lastKnownFileType = file.storyboard; name = Base; path = Base.lproj/Main.storyboard; sourceTree = "<group>"; };
		6649BF1E1A083C84007B447B /* Images.xcassets */ = {isa = PBXFileReference; lastKnownFileType = folder.assetcatalog; path = Images.xcassets; sourceTree = "<group>"; };
		6649BF211A083C84007B447B /* Base */ = {isa = PBXFileReference; lastKnownFileType = file.xib; name = Base; path = Base.lproj/LaunchScreen.xib; sourceTree = "<group>"; };
		6649BF271A083C84007B447B /* GooglePlacesAutocompleteTests.xctest */ = {isa = PBXFileReference; explicitFileType = wrapper.cfbundle; includeInIndex = 0; path = GooglePlacesAutocompleteTests.xctest; sourceTree = BUILT_PRODUCTS_DIR; };
		6649BF2C1A083C84007B447B /* Info.plist */ = {isa = PBXFileReference; lastKnownFileType = text.plist.xml; path = Info.plist; sourceTree = "<group>"; };
		6649BF2D1A083C84007B447B /* GooglePlacesAutocompleteTests.m */ = {isa = PBXFileReference; lastKnownFileType = sourcecode.c.objc; path = GooglePlacesAutocompleteTests.m; sourceTree = "<group>"; };
		6649BF371A083CB3007B447B /* SearchViewController.h */ = {isa = PBXFileReference; fileEncoding = 4; lastKnownFileType = sourcecode.c.h; path = SearchViewController.h; sourceTree = "<group>"; };
		6649BF381A083CB3007B447B /* SearchViewController.m */ = {isa = PBXFileReference; fileEncoding = 4; lastKnownFileType = sourcecode.c.objc; path = SearchViewController.m; sourceTree = "<group>"; };
		66C6697A1A22F5A500BE9967 /* SelectedLocation.h */ = {isa = PBXFileReference; fileEncoding = 4; lastKnownFileType = sourcecode.c.h; path = SelectedLocation.h; sourceTree = "<group>"; };
		66C6697B1A22F5A500BE9967 /* SelectedLocation.m */ = {isa = PBXFileReference; fileEncoding = 4; lastKnownFileType = sourcecode.c.objc; path = SelectedLocation.m; sourceTree = "<group>"; };
/* End PBXFileReference section */

/* Begin PBXFrameworksBuildPhase section */
		6649BF0B1A083C84007B447B /* Frameworks */ = {
			isa = PBXFrameworksBuildPhase;
			buildActionMask = 2147483647;
			files = (
			);
			runOnlyForDeploymentPostprocessing = 0;
		};
		6649BF241A083C84007B447B /* Frameworks */ = {
			isa = PBXFrameworksBuildPhase;
			buildActionMask = 2147483647;
			files = (
			);
			runOnlyForDeploymentPostprocessing = 0;
		};
/* End PBXFrameworksBuildPhase section */

/* Begin PBXGroup section */
		6649BF051A083C84007B447B = {
			isa = PBXGroup;
			children = (
				6649BF101A083C84007B447B /* GooglePlacesAutocomplete */,
				6649BF2A1A083C84007B447B /* GooglePlacesAutocompleteTests */,
				6649BF0F1A083C84007B447B /* Products */,
			);
			sourceTree = "<group>";
		};
		6649BF0F1A083C84007B447B /* Products */ = {
			isa = PBXGroup;
			children = (
				6649BF0E1A083C84007B447B /* GooglePlacesAutocomplete.app */,
				6649BF271A083C84007B447B /* GooglePlacesAutocompleteTests.xctest */,
			);
			name = Products;
			sourceTree = "<group>";
		};
		6649BF101A083C84007B447B /* GooglePlacesAutocomplete */ = {
			isa = PBXGroup;
			children = (
				6649BF151A083C84007B447B /* AppDelegate.h */,
				6649BF161A083C84007B447B /* AppDelegate.m */,
				6649BF371A083CB3007B447B /* SearchViewController.h */,
				6649BF381A083CB3007B447B /* SearchViewController.m */,
				66C6697A1A22F5A500BE9967 /* SelectedLocation.h */,
				66C6697B1A22F5A500BE9967 /* SelectedLocation.m */,
				6649BF1B1A083C84007B447B /* Main.storyboard */,
				6649BF1E1A083C84007B447B /* Images.xcassets */,
				6649BF201A083C84007B447B /* LaunchScreen.xib */,
				6649BF111A083C84007B447B /* Supporting Files */,
			);
			path = GooglePlacesAutocomplete;
			sourceTree = "<group>";
		};
		6649BF111A083C84007B447B /* Supporting Files */ = {
			isa = PBXGroup;
			children = (
				6649BF121A083C84007B447B /* Info.plist */,
				6649BF131A083C84007B447B /* main.m */,
			);
			name = "Supporting Files";
			sourceTree = "<group>";
		};
		6649BF2A1A083C84007B447B /* GooglePlacesAutocompleteTests */ = {
			isa = PBXGroup;
			children = (
				6649BF2D1A083C84007B447B /* GooglePlacesAutocompleteTests.m */,
				6649BF2B1A083C84007B447B /* Supporting Files */,
			);
			path = GooglePlacesAutocompleteTests;
			sourceTree = "<group>";
		};
		6649BF2B1A083C84007B447B /* Supporting Files */ = {
			isa = PBXGroup;
			children = (
				6649BF2C1A083C84007B447B /* Info.plist */,
			);
			name = "Supporting Files";
			sourceTree = "<group>";
		};
/* End PBXGroup section */

/* Begin PBXNativeTarget section */
		6649BF0D1A083C84007B447B /* GooglePlacesAutocomplete */ = {
			isa = PBXNativeTarget;
			buildConfigurationList = 6649BF311A083C84007B447B /* Build configuration list for PBXNativeTarget "GooglePlacesAutocomplete" */;
			buildPhases = (
				6649BF0A1A083C84007B447B /* Sources */,
				6649BF0B1A083C84007B447B /* Frameworks */,
				6649BF0C1A083C84007B447B /* Resources */,
			);
			buildRules = (
			);
			dependencies = (
			);
			name = GooglePlacesAutocomplete;
			productName = GooglePlacesAutocomplete;
			productReference = 6649BF0E1A083C84007B447B /* GooglePlacesAutocomplete.app */;
			productType = "com.apple.product-type.application";
		};
		6649BF261A083C84007B447B /* GooglePlacesAutocompleteTests */ = {
			isa = PBXNativeTarget;
			buildConfigurationList = 6649BF341A083C84007B447B /* Build configuration list for PBXNativeTarget "GooglePlacesAutocompleteTests" */;
			buildPhases = (
				6649BF231A083C84007B447B /* Sources */,
				6649BF241A083C84007B447B /* Frameworks */,
				6649BF251A083C84007B447B /* Resources */,
			);
			buildRules = (
			);
			dependencies = (
				6649BF291A083C84007B447B /* PBXTargetDependency */,
			);
			name = GooglePlacesAutocompleteTests;
			productName = GooglePlacesAutocompleteTests;
			productReference = 6649BF271A083C84007B447B /* GooglePlacesAutocompleteTests.xctest */;
			productType = "com.apple.product-type.bundle.unit-test";
		};
/* End PBXNativeTarget section */

/* Begin PBXProject section */
		6649BF061A083C84007B447B /* Project object */ = {
			isa = PBXProject;
			attributes = {
				LastUpgradeCheck = 0610;
				ORGANIZATIONNAME = "Adam Cooper";
				TargetAttributes = {
					6649BF0D1A083C84007B447B = {
						CreatedOnToolsVersion = 6.1;
					};
					6649BF261A083C84007B447B = {
						CreatedOnToolsVersion = 6.1;
						TestTargetID = 6649BF0D1A083C84007B447B;
					};
				};
			};
			buildConfigurationList = 6649BF091A083C84007B447B /* Build configuration list for PBXProject "GooglePlacesAutocomplete" */;
			compatibilityVersion = "Xcode 3.2";
			developmentRegion = English;
			hasScannedForEncodings = 0;
			knownRegions = (
				en,
				Base,
			);
			mainGroup = 6649BF051A083C84007B447B;
			productRefGroup = 6649BF0F1A083C84007B447B /* Products */;
			projectDirPath = "";
			projectRoot = "";
			targets = (
				6649BF0D1A083C84007B447B /* GooglePlacesAutocomplete */,
				6649BF261A083C84007B447B /* GooglePlacesAutocompleteTests */,
			);
		};
/* End PBXProject section */

/* Begin PBXResourcesBuildPhase section */
		6649BF0C1A083C84007B447B /* Resources */ = {
			isa = PBXResourcesBuildPhase;
			buildActionMask = 2147483647;
			files = (
				6649BF1D1A083C84007B447B /* Main.storyboard in Resources */,
				6649BF221A083C84007B447B /* LaunchScreen.xib in Resources */,
				6649BF1F1A083C84007B447B /* Images.xcassets in Resources */,
			);
			runOnlyForDeploymentPostprocessing = 0;
		};
		6649BF251A083C84007B447B /* Resources */ = {
			isa = PBXResourcesBuildPhase;
			buildActionMask = 2147483647;
			files = (
			);
			runOnlyForDeploymentPostprocessing = 0;
		};
/* End PBXResourcesBuildPhase section */

/* Begin PBXSourcesBuildPhase section */
		6649BF0A1A083C84007B447B /* Sources */ = {
			isa = PBXSourcesBuildPhase;
			buildActionMask = 2147483647;
			files = (
				6649BF171A083C84007B447B /* AppDelegate.m in Sources */,
				66C6697C1A22F5A500BE9967 /* SelectedLocation.m in Sources */,
				6649BF141A083C84007B447B /* main.m in Sources */,
				6649BF391A083CB3007B447B /* SearchViewController.m in Sources */,
			);
			runOnlyForDeploymentPostprocessing = 0;
		};
		6649BF231A083C84007B447B /* Sources */ = {
			isa = PBXSourcesBuildPhase;
			buildActionMask = 2147483647;
			files = (
				6649BF2E1A083C84007B447B /* GooglePlacesAutocompleteTests.m in Sources */,
			);
			runOnlyForDeploymentPostprocessing = 0;
		};
/* End PBXSourcesBuildPhase section */

/* Begin PBXTargetDependency section */
		6649BF291A083C84007B447B /* PBXTargetDependency */ = {
			isa = PBXTargetDependency;
			target = 6649BF0D1A083C84007B447B /* GooglePlacesAutocomplete */;
			targetProxy = 6649BF281A083C84007B447B /* PBXContainerItemProxy */;
		};
/* End PBXTargetDependency section */

/* Begin PBXVariantGroup section */
		6649BF1B1A083C84007B447B /* Main.storyboard */ = {
			isa = PBXVariantGroup;
			children = (
				6649BF1C1A083C84007B447B /* Base */,
			);
			name = Main.storyboard;
			sourceTree = "<group>";
		};
		6649BF201A083C84007B447B /* LaunchScreen.xib */ = {
			isa = PBXVariantGroup;
			children = (
				6649BF211A083C84007B447B /* Base */,
			);
			name = LaunchScreen.xib;
			sourceTree = "<group>";
		};
/* End PBXVariantGroup section */

/* Begin XCBuildConfiguration section */
		6649BF2F1A083C84007B447B /* Debug */ = {
			isa = XCBuildConfiguration;
			buildSettings = {
				ALWAYS_SEARCH_USER_PATHS = NO;
				CLANG_CXX_LANGUAGE_STANDARD = "gnu++0x";
				CLANG_CXX_LIBRARY = "libc++";
				CLANG_ENABLE_MODULES = YES;
				CLANG_ENABLE_OBJC_ARC = YES;
				CLANG_WARN_BOOL_CONVERSION = YES;
				CLANG_WARN_CONSTANT_CONVERSION = YES;
				CLANG_WARN_DIRECT_OBJC_ISA_USAGE = YES_ERROR;
				CLANG_WARN_EMPTY_BODY = YES;
				CLANG_WARN_ENUM_CONVERSION = YES;
				CLANG_WARN_INT_CONVERSION = YES;
				CLANG_WARN_OBJC_ROOT_CLASS = YES_ERROR;
				CLANG_WARN_UNREACHABLE_CODE = YES;
				CLANG_WARN__DUPLICATE_METHOD_MATCH = YES;
				"CODE_SIGN_IDENTITY[sdk=iphoneos*]" = "iPhone Developer";
				COPY_PHASE_STRIP = NO;
				ENABLE_STRICT_OBJC_MSGSEND = YES;
				GCC_C_LANGUAGE_STANDARD = gnu99;
				GCC_DYNAMIC_NO_PIC = NO;
				GCC_OPTIMIZATION_LEVEL = 0;
				GCC_PREPROCESSOR_DEFINITIONS = (
					"DEBUG=1",
					"$(inherited)",
				);
				GCC_SYMBOLS_PRIVATE_EXTERN = NO;
				GCC_WARN_64_TO_32_BIT_CONVERSION = YES;
				GCC_WARN_ABOUT_RETURN_TYPE = YES_ERROR;
				GCC_WARN_UNDECLARED_SELECTOR = YES;
				GCC_WARN_UNINITIALIZED_AUTOS = YES_AGGRESSIVE;
				GCC_WARN_UNUSED_FUNCTION = YES;
				GCC_WARN_UNUSED_VARIABLE = YES;
				IPHONEOS_DEPLOYMENT_TARGET = 8.1;
				MTL_ENABLE_DEBUG_INFO = YES;
				ONLY_ACTIVE_ARCH = YES;
				SDKROOT = iphoneos;
			};
			name = Debug;
		};
		6649BF301A083C84007B447B /* Release */ = {
			isa = XCBuildConfiguration;
			buildSettings = {
				ALWAYS_SEARCH_USER_PATHS = NO;
				CLANG_CXX_LANGUAGE_STANDARD = "gnu++0x";
				CLANG_CXX_LIBRARY = "libc++";
				CLANG_ENABLE_MODULES = YES;
				CLANG_ENABLE_OBJC_ARC = YES;
				CLANG_WARN_BOOL_CONVERSION = YES;
				CLANG_WARN_CONSTANT_CONVERSION = YES;
				CLANG_WARN_DIRECT_OBJC_ISA_USAGE = YES_ERROR;
				CLANG_WARN_EMPTY_BODY = YES;
				CLANG_WARN_ENUM_CONVERSION = YES;
				CLANG_WARN_INT_CONVERSION = YES;
				CLANG_WARN_OBJC_ROOT_CLASS = YES_ERROR;
				CLANG_WARN_UNREACHABLE_CODE = YES;
				CLANG_WARN__DUPLICATE_METHOD_MATCH = YES;
				"CODE_SIGN_IDENTITY[sdk=iphoneos*]" = "iPhone Developer";
				COPY_PHASE_STRIP = YES;
				ENABLE_NS_ASSERTIONS = NO;
				ENABLE_STRICT_OBJC_MSGSEND = YES;
				GCC_C_LANGUAGE_STANDARD = gnu99;
				GCC_WARN_64_TO_32_BIT_CONVERSION = YES;
				GCC_WARN_ABOUT_RETURN_TYPE = YES_ERROR;
				GCC_WARN_UNDECLARED_SELECTOR = YES;
				GCC_WARN_UNINITIALIZED_AUTOS = YES_AGGRESSIVE;
				GCC_WARN_UNUSED_FUNCTION = YES;
				GCC_WARN_UNUSED_VARIABLE = YES;
				IPHONEOS_DEPLOYMENT_TARGET = 8.1;
				MTL_ENABLE_DEBUG_INFO = NO;
				SDKROOT = iphoneos;
				VALIDATE_PRODUCT = YES;
			};
			name = Release;
		};
		6649BF321A083C84007B447B /* Debug */ = {
			isa = XCBuildConfiguration;
			buildSettings = {
				ASSETCATALOG_COMPILER_APPICON_NAME = AppIcon;
				INFOPLIST_FILE = GooglePlacesAutocomplete/Info.plist;
				LD_RUNPATH_SEARCH_PATHS = "$(inherited) @executable_path/Frameworks";
				PRODUCT_NAME = "$(TARGET_NAME)";
			};
			name = Debug;
		};
		6649BF331A083C84007B447B /* Release */ = {
			isa = XCBuildConfiguration;
			buildSettings = {
				ASSETCATALOG_COMPILER_APPICON_NAME = AppIcon;
				INFOPLIST_FILE = GooglePlacesAutocomplete/Info.plist;
				LD_RUNPATH_SEARCH_PATHS = "$(inherited) @executable_path/Frameworks";
				PRODUCT_NAME = "$(TARGET_NAME)";
			};
			name = Release;
		};
		6649BF351A083C84007B447B /* Debug */ = {
			isa = XCBuildConfiguration;
			buildSettings = {
				BUNDLE_LOADER = "$(TEST_HOST)";
				FRAMEWORK_SEARCH_PATHS = (
					"$(SDKROOT)/Developer/Library/Frameworks",
					"$(inherited)",
				);
				GCC_PREPROCESSOR_DEFINITIONS = (
					"DEBUG=1",
					"$(inherited)",
				);
				INFOPLIST_FILE = GooglePlacesAutocompleteTests/Info.plist;
				LD_RUNPATH_SEARCH_PATHS = "$(inherited) @executable_path/Frameworks @loader_path/Frameworks";
				PRODUCT_NAME = "$(TARGET_NAME)";
				TEST_HOST = "$(BUILT_PRODUCTS_DIR)/GooglePlacesAutocomplete.app/GooglePlacesAutocomplete";
			};
			name = Debug;
		};
		6649BF361A083C84007B447B /* Release */ = {
			isa = XCBuildConfiguration;
			buildSettings = {
				BUNDLE_LOADER = "$(TEST_HOST)";
				FRAMEWORK_SEARCH_PATHS = (
					"$(SDKROOT)/Developer/Library/Frameworks",
					"$(inherited)",
				);
				INFOPLIST_FILE = GooglePlacesAutocompleteTests/Info.plist;
				LD_RUNPATH_SEARCH_PATHS = "$(inherited) @executable_path/Frameworks @loader_path/Frameworks";
				PRODUCT_NAME = "$(TARGET_NAME)";
				TEST_HOST = "$(BUILT_PRODUCTS_DIR)/GooglePlacesAutocomplete.app/GooglePlacesAutocomplete";
			};
			name = Release;
		};
/* End XCBuildConfiguration section */

/* Begin XCConfigurationList section */
		6649BF091A083C84007B447B /* Build configuration list for PBXProject "GooglePlacesAutocomplete" */ = {
			isa = XCConfigurationList;
			buildConfigurations = (
				6649BF2F1A083C84007B447B /* Debug */,
				6649BF301A083C84007B447B /* Release */,
			);
			defaultConfigurationIsVisible = 0;
			defaultConfigurationName = Release;
		};
		6649BF311A083C84007B447B /* Build configuration list for PBXNativeTarget "GooglePlacesAutocomplete" */ = {
			isa = XCConfigurationList;
			buildConfigurations = (
				6649BF321A083C84007B447B /* Debug */,
				6649BF331A083C84007B447B /* Release */,
			);
			defaultConfigurationIsVisible = 0;
			defaultConfigurationName = Release;
		};
		6649BF341A083C84007B447B /* Build configuration list for PBXNativeTarget "GooglePlacesAutocompleteTests" */ = {
			isa = XCConfigurationList;
			buildConfigurations = (
				6649BF351A083C84007B447B /* Debug */,
				6649BF361A083C84007B447B /* Release */,
			);
			defaultConfigurationIsVisible = 0;
			defaultConfigurationName = Release;
		};
/* End XCConfigurationList section */
	};
	rootObject = 6649BF061A083C84007B447B /* Project object */;
}
